// !$*UTF8*$!
{
	archiveVersion = 1;
	classes = {
	};
	objectVersion = 55;
	objects = {

/* Begin PBXBuildFile section */
		BD466586289816D100C8A9F3 /* AppDelegate.swift in Sources */ = {isa = PBXBuildFile; fileRef = BD466585289816D100C8A9F3 /* AppDelegate.swift */; };
		BD466588289816D100C8A9F3 /* SceneDelegate.swift in Sources */ = {isa = PBXBuildFile; fileRef = BD466587289816D100C8A9F3 /* SceneDelegate.swift */; };
		BD46658A289816D100C8A9F3 /* ViewController.swift in Sources */ = {isa = PBXBuildFile; fileRef = BD466589289816D100C8A9F3 /* ViewController.swift */; };
		BD46658D289816D100C8A9F3 /* Main.storyboard in Resources */ = {isa = PBXBuildFile; fileRef = BD46658B289816D100C8A9F3 /* Main.storyboard */; };
		BD466590289816D100C8A9F3 /* github.xcdatamodeld in Sources */ = {isa = PBXBuildFile; fileRef = BD46658E289816D100C8A9F3 /* github.xcdatamodeld */; };
		BD466592289816D400C8A9F3 /* Assets.xcassets in Resources */ = {isa = PBXBuildFile; fileRef = BD466591289816D400C8A9F3 /* Assets.xcassets */; };
		BD466595289816D400C8A9F3 /* LaunchScreen.storyboard in Resources */ = {isa = PBXBuildFile; fileRef = BD466593289816D400C8A9F3 /* LaunchScreen.storyboard */; };
		BD4665A0289816D400C8A9F3 /* githubTests.swift in Sources */ = {isa = PBXBuildFile; fileRef = BD46659F289816D400C8A9F3 /* githubTests.swift */; };
		BD4665AA289816D400C8A9F3 /* githubUITests.swift in Sources */ = {isa = PBXBuildFile; fileRef = BD4665A9289816D400C8A9F3 /* githubUITests.swift */; };
		BD4665AC289816D400C8A9F3 /* githubUITestsLaunchTests.swift in Sources */ = {isa = PBXBuildFile; fileRef = BD4665AB289816D400C8A9F3 /* githubUITestsLaunchTests.swift */; };
		BD4665B92899B60500C8A9F3 /* HomePageViewController.swift in Sources */ = {isa = PBXBuildFile; fileRef = BD4665B82899B60500C8A9F3 /* HomePageViewController.swift */; };
		BD4665BB2899B9EB00C8A9F3 /* NamePageViewController.swift in Sources */ = {isa = PBXBuildFile; fileRef = BD4665BA2899B9EB00C8A9F3 /* NamePageViewController.swift */; };
		BD4665BD2899BBD900C8A9F3 /* globalVariables.swift in Sources */ = {isa = PBXBuildFile; fileRef = BD4665BC2899BBD900C8A9F3 /* globalVariables.swift */; };
		BD4665BF2899BC5400C8A9F3 /* howAreYouViewController.swift in Sources */ = {isa = PBXBuildFile; fileRef = BD4665BE2899BC5400C8A9F3 /* howAreYouViewController.swift */; };
		BD4665C12899BEE800C8A9F3 /* DrankWaterViewController.swift in Sources */ = {isa = PBXBuildFile; fileRef = BD4665C02899BEE800C8A9F3 /* DrankWaterViewController.swift */; };
		BD4665C32899BFD000C8A9F3 /* DidYouEatViewController.swift in Sources */ = {isa = PBXBuildFile; fileRef = BD4665C22899BFD000C8A9F3 /* DidYouEatViewController.swift */; };
		BD4665C52899C04000C8A9F3 /* FeelingStressedViewController.swift in Sources */ = {isa = PBXBuildFile; fileRef = BD4665C42899C04000C8A9F3 /* FeelingStressedViewController.swift */; };
		BD4665C72899C09A00C8A9F3 /* GoOutsideViewController.swift in Sources */ = {isa = PBXBuildFile; fileRef = BD4665C62899C09A00C8A9F3 /* GoOutsideViewController.swift */; };
/* End PBXBuildFile section */

/* Begin PBXContainerItemProxy section */
		BD46659C289816D400C8A9F3 /* PBXContainerItemProxy */ = {
			isa = PBXContainerItemProxy;
			containerPortal = BD46657A289816D100C8A9F3 /* Project object */;
			proxyType = 1;
			remoteGlobalIDString = BD466581289816D100C8A9F3;
			remoteInfo = github;
		};
		BD4665A6289816D400C8A9F3 /* PBXContainerItemProxy */ = {
			isa = PBXContainerItemProxy;
			containerPortal = BD46657A289816D100C8A9F3 /* Project object */;
			proxyType = 1;
			remoteGlobalIDString = BD466581289816D100C8A9F3;
			remoteInfo = github;
		};
/* End PBXContainerItemProxy section */

/* Begin PBXFileReference section */
		BD466582289816D100C8A9F3 /* github.app */ = {isa = PBXFileReference; explicitFileType = wrapper.application; includeInIndex = 0; path = github.app; sourceTree = BUILT_PRODUCTS_DIR; };
		BD466585289816D100C8A9F3 /* AppDelegate.swift */ = {isa = PBXFileReference; lastKnownFileType = sourcecode.swift; path = AppDelegate.swift; sourceTree = "<group>"; };
		BD466587289816D100C8A9F3 /* SceneDelegate.swift */ = {isa = PBXFileReference; lastKnownFileType = sourcecode.swift; path = SceneDelegate.swift; sourceTree = "<group>"; };
		BD466589289816D100C8A9F3 /* ViewController.swift */ = {isa = PBXFileReference; lastKnownFileType = sourcecode.swift; path = ViewController.swift; sourceTree = "<group>"; };
		BD46658C289816D100C8A9F3 /* Base */ = {isa = PBXFileReference; lastKnownFileType = file.storyboard; name = Base; path = Base.lproj/Main.storyboard; sourceTree = "<group>"; };
		BD46658F289816D100C8A9F3 /* github.xcdatamodel */ = {isa = PBXFileReference; lastKnownFileType = wrapper.xcdatamodel; path = github.xcdatamodel; sourceTree = "<group>"; };
		BD466591289816D400C8A9F3 /* Assets.xcassets */ = {isa = PBXFileReference; lastKnownFileType = folder.assetcatalog; path = Assets.xcassets; sourceTree = "<group>"; };
		BD466594289816D400C8A9F3 /* Base */ = {isa = PBXFileReference; lastKnownFileType = file.storyboard; name = Base; path = Base.lproj/LaunchScreen.storyboard; sourceTree = "<group>"; };
		BD466596289816D400C8A9F3 /* Info.plist */ = {isa = PBXFileReference; lastKnownFileType = text.plist.xml; path = Info.plist; sourceTree = "<group>"; };
		BD46659B289816D400C8A9F3 /* githubTests.xctest */ = {isa = PBXFileReference; explicitFileType = wrapper.cfbundle; includeInIndex = 0; path = githubTests.xctest; sourceTree = BUILT_PRODUCTS_DIR; };
		BD46659F289816D400C8A9F3 /* githubTests.swift */ = {isa = PBXFileReference; lastKnownFileType = sourcecode.swift; path = githubTests.swift; sourceTree = "<group>"; };
		BD4665A5289816D400C8A9F3 /* githubUITests.xctest */ = {isa = PBXFileReference; explicitFileType = wrapper.cfbundle; includeInIndex = 0; path = githubUITests.xctest; sourceTree = BUILT_PRODUCTS_DIR; };
		BD4665A9289816D400C8A9F3 /* githubUITests.swift */ = {isa = PBXFileReference; lastKnownFileType = sourcecode.swift; path = githubUITests.swift; sourceTree = "<group>"; };
		BD4665AB289816D400C8A9F3 /* githubUITestsLaunchTests.swift */ = {isa = PBXFileReference; lastKnownFileType = sourcecode.swift; path = githubUITestsLaunchTests.swift; sourceTree = "<group>"; };
		BD4665B82899B60500C8A9F3 /* HomePageViewController.swift */ = {isa = PBXFileReference; lastKnownFileType = sourcecode.swift; path = HomePageViewController.swift; sourceTree = "<group>"; };
		BD4665BA2899B9EB00C8A9F3 /* NamePageViewController.swift */ = {isa = PBXFileReference; lastKnownFileType = sourcecode.swift; path = NamePageViewController.swift; sourceTree = "<group>"; };
		BD4665BC2899BBD900C8A9F3 /* globalVariables.swift */ = {isa = PBXFileReference; lastKnownFileType = sourcecode.swift; path = globalVariables.swift; sourceTree = "<group>"; };
		BD4665BE2899BC5400C8A9F3 /* howAreYouViewController.swift */ = {isa = PBXFileReference; lastKnownFileType = sourcecode.swift; path = howAreYouViewController.swift; sourceTree = "<group>"; };
		BD4665C02899BEE800C8A9F3 /* DrankWaterViewController.swift */ = {isa = PBXFileReference; lastKnownFileType = sourcecode.swift; path = DrankWaterViewController.swift; sourceTree = "<group>"; };
		BD4665C22899BFD000C8A9F3 /* DidYouEatViewController.swift */ = {isa = PBXFileReference; lastKnownFileType = sourcecode.swift; path = DidYouEatViewController.swift; sourceTree = "<group>"; };
		BD4665C42899C04000C8A9F3 /* FeelingStressedViewController.swift */ = {isa = PBXFileReference; lastKnownFileType = sourcecode.swift; path = FeelingStressedViewController.swift; sourceTree = "<group>"; };
		BD4665C62899C09A00C8A9F3 /* GoOutsideViewController.swift */ = {isa = PBXFileReference; lastKnownFileType = sourcecode.swift; path = GoOutsideViewController.swift; sourceTree = "<group>"; };
/* End PBXFileReference section */

/* Begin PBXFrameworksBuildPhase section */
		BD46657F289816D100C8A9F3 /* Frameworks */ = {
			isa = PBXFrameworksBuildPhase;
			buildActionMask = 2147483647;
			files = (
			);
			runOnlyForDeploymentPostprocessing = 0;
		};
		BD466598289816D400C8A9F3 /* Frameworks */ = {
			isa = PBXFrameworksBuildPhase;
			buildActionMask = 2147483647;
			files = (
			);
			runOnlyForDeploymentPostprocessing = 0;
		};
		BD4665A2289816D400C8A9F3 /* Frameworks */ = {
			isa = PBXFrameworksBuildPhase;
			buildActionMask = 2147483647;
			files = (
			);
			runOnlyForDeploymentPostprocessing = 0;
		};
/* End PBXFrameworksBuildPhase section */

/* Begin PBXGroup section */
		BD466579289816D100C8A9F3 = {
			isa = PBXGroup;
			children = (
				BD466584289816D100C8A9F3 /* github */,
				BD46659E289816D400C8A9F3 /* githubTests */,
				BD4665A8289816D400C8A9F3 /* githubUITests */,
				BD466583289816D100C8A9F3 /* Products */,
			);
			sourceTree = "<group>";
		};
		BD466583289816D100C8A9F3 /* Products */ = {
			isa = PBXGroup;
			children = (
				BD466582289816D100C8A9F3 /* github.app */,
				BD46659B289816D400C8A9F3 /* githubTests.xctest */,
				BD4665A5289816D400C8A9F3 /* githubUITests.xctest */,
			);
			name = Products;
			sourceTree = "<group>";
		};
		BD466584289816D100C8A9F3 /* github */ = {
			isa = PBXGroup;
			children = (
				BD466585289816D100C8A9F3 /* AppDelegate.swift */,
				BD466587289816D100C8A9F3 /* SceneDelegate.swift */,
				BD466589289816D100C8A9F3 /* ViewController.swift */,
				BD4665B82899B60500C8A9F3 /* HomePageViewController.swift */,
				BD4665BA2899B9EB00C8A9F3 /* NamePageViewController.swift */,
				BD4665BE2899BC5400C8A9F3 /* howAreYouViewController.swift */,
				BD4665C02899BEE800C8A9F3 /* DrankWaterViewController.swift */,
				BD4665C22899BFD000C8A9F3 /* DidYouEatViewController.swift */,
				BD4665C42899C04000C8A9F3 /* FeelingStressedViewController.swift */,
				BD4665C62899C09A00C8A9F3 /* GoOutsideViewController.swift */,
				BD4665BC2899BBD900C8A9F3 /* globalVariables.swift */,
				BD46658B289816D100C8A9F3 /* Main.storyboard */,
				BD466591289816D400C8A9F3 /* Assets.xcassets */,
				BD466593289816D400C8A9F3 /* LaunchScreen.storyboard */,
				BD466596289816D400C8A9F3 /* Info.plist */,
				BD46658E289816D100C8A9F3 /* github.xcdatamodeld */,
			);
			path = github;
			sourceTree = "<group>";
		};
		BD46659E289816D400C8A9F3 /* githubTests */ = {
			isa = PBXGroup;
			children = (
				BD46659F289816D400C8A9F3 /* githubTests.swift */,
			);
			path = githubTests;
			sourceTree = "<group>";
		};
		BD4665A8289816D400C8A9F3 /* githubUITests */ = {
			isa = PBXGroup;
			children = (
				BD4665A9289816D400C8A9F3 /* githubUITests.swift */,
				BD4665AB289816D400C8A9F3 /* githubUITestsLaunchTests.swift */,
			);
			path = githubUITests;
			sourceTree = "<group>";
		};
/* End PBXGroup section */

/* Begin PBXNativeTarget section */
		BD466581289816D100C8A9F3 /* github */ = {
			isa = PBXNativeTarget;
			buildConfigurationList = BD4665AF289816D400C8A9F3 /* Build configuration list for PBXNativeTarget "github" */;
			buildPhases = (
				BD46657E289816D100C8A9F3 /* Sources */,
				BD46657F289816D100C8A9F3 /* Frameworks */,
				BD466580289816D100C8A9F3 /* Resources */,
			);
			buildRules = (
			);
			dependencies = (
			);
			name = github;
			productName = github;
			productReference = BD466582289816D100C8A9F3 /* github.app */;
			productType = "com.apple.product-type.application";
		};
		BD46659A289816D400C8A9F3 /* githubTests */ = {
			isa = PBXNativeTarget;
			buildConfigurationList = BD4665B2289816D400C8A9F3 /* Build configuration list for PBXNativeTarget "githubTests" */;
			buildPhases = (
				BD466597289816D400C8A9F3 /* Sources */,
				BD466598289816D400C8A9F3 /* Frameworks */,
				BD466599289816D400C8A9F3 /* Resources */,
			);
			buildRules = (
			);
			dependencies = (
				BD46659D289816D400C8A9F3 /* PBXTargetDependency */,
			);
			name = githubTests;
			productName = githubTests;
			productReference = BD46659B289816D400C8A9F3 /* githubTests.xctest */;
			productType = "com.apple.product-type.bundle.unit-test";
		};
		BD4665A4289816D400C8A9F3 /* githubUITests */ = {
			isa = PBXNativeTarget;
			buildConfigurationList = BD4665B5289816D400C8A9F3 /* Build configuration list for PBXNativeTarget "githubUITests" */;
			buildPhases = (
				BD4665A1289816D400C8A9F3 /* Sources */,
				BD4665A2289816D400C8A9F3 /* Frameworks */,
				BD4665A3289816D400C8A9F3 /* Resources */,
			);
			buildRules = (
			);
			dependencies = (
				BD4665A7289816D400C8A9F3 /* PBXTargetDependency */,
			);
			name = githubUITests;
			productName = githubUITests;
			productReference = BD4665A5289816D400C8A9F3 /* githubUITests.xctest */;
			productType = "com.apple.product-type.bundle.ui-testing";
		};
/* End PBXNativeTarget section */

/* Begin PBXProject section */
		BD46657A289816D100C8A9F3 /* Project object */ = {
			isa = PBXProject;
			attributes = {
				BuildIndependentTargetsInParallel = 1;
				LastSwiftUpdateCheck = 1340;
				LastUpgradeCheck = 1340;
				TargetAttributes = {
					BD466581289816D100C8A9F3 = {
						CreatedOnToolsVersion = 13.4;
					};
					BD46659A289816D400C8A9F3 = {
						CreatedOnToolsVersion = 13.4;
						TestTargetID = BD466581289816D100C8A9F3;
					};
					BD4665A4289816D400C8A9F3 = {
						CreatedOnToolsVersion = 13.4;
						TestTargetID = BD466581289816D100C8A9F3;
					};
				};
			};
			buildConfigurationList = BD46657D289816D100C8A9F3 /* Build configuration list for PBXProject "github" */;
			compatibilityVersion = "Xcode 13.0";
			developmentRegion = en;
			hasScannedForEncodings = 0;
			knownRegions = (
				en,
				Base,
			);
			mainGroup = BD466579289816D100C8A9F3;
			productRefGroup = BD466583289816D100C8A9F3 /* Products */;
			projectDirPath = "";
			projectRoot = "";
			targets = (
				BD466581289816D100C8A9F3 /* github */,
				BD46659A289816D400C8A9F3 /* githubTests */,
				BD4665A4289816D400C8A9F3 /* githubUITests */,
			);
		};
/* End PBXProject section */

/* Begin PBXResourcesBuildPhase section */
		BD466580289816D100C8A9F3 /* Resources */ = {
			isa = PBXResourcesBuildPhase;
			buildActionMask = 2147483647;
			files = (
				BD466595289816D400C8A9F3 /* LaunchScreen.storyboard in Resources */,
				BD466592289816D400C8A9F3 /* Assets.xcassets in Resources */,
				BD46658D289816D100C8A9F3 /* Main.storyboard in Resources */,
			);
			runOnlyForDeploymentPostprocessing = 0;
		};
		BD466599289816D400C8A9F3 /* Resources */ = {
			isa = PBXResourcesBuildPhase;
			buildActionMask = 2147483647;
			files = (
			);
			runOnlyForDeploymentPostprocessing = 0;
		};
		BD4665A3289816D400C8A9F3 /* Resources */ = {
			isa = PBXResourcesBuildPhase;
			buildActionMask = 2147483647;
			files = (
			);
			runOnlyForDeploymentPostprocessing = 0;
		};
/* End PBXResourcesBuildPhase section */

/* Begin PBXSourcesBuildPhase section */
		BD46657E289816D100C8A9F3 /* Sources */ = {
			isa = PBXSourcesBuildPhase;
			buildActionMask = 2147483647;
			files = (
				BD4665C12899BEE800C8A9F3 /* DrankWaterViewController.swift in Sources */,
				BD46658A289816D100C8A9F3 /* ViewController.swift in Sources */,
				BD466586289816D100C8A9F3 /* AppDelegate.swift in Sources */,
				BD4665BF2899BC5400C8A9F3 /* howAreYouViewController.swift in Sources */,
				BD466590289816D100C8A9F3 /* github.xcdatamodeld in Sources */,
				BD4665C32899BFD000C8A9F3 /* DidYouEatViewController.swift in Sources */,
				BD4665B92899B60500C8A9F3 /* HomePageViewController.swift in Sources */,
				BD4665BB2899B9EB00C8A9F3 /* NamePageViewController.swift in Sources */,
				BD4665C52899C04000C8A9F3 /* FeelingStressedViewController.swift in Sources */,
				BD4665BD2899BBD900C8A9F3 /* globalVariables.swift in Sources */,
				BD4665C72899C09A00C8A9F3 /* GoOutsideViewController.swift in Sources */,
				BD466588289816D100C8A9F3 /* SceneDelegate.swift in Sources */,
			);
			runOnlyForDeploymentPostprocessing = 0;
		};
		BD466597289816D400C8A9F3 /* Sources */ = {
			isa = PBXSourcesBuildPhase;
			buildActionMask = 2147483647;
			files = (
				BD4665A0289816D400C8A9F3 /* githubTests.swift in Sources */,
			);
			runOnlyForDeploymentPostprocessing = 0;
		};
		BD4665A1289816D400C8A9F3 /* Sources */ = {
			isa = PBXSourcesBuildPhase;
			buildActionMask = 2147483647;
			files = (
				BD4665AA289816D400C8A9F3 /* githubUITests.swift in Sources */,
				BD4665AC289816D400C8A9F3 /* githubUITestsLaunchTests.swift in Sources */,
			);
			runOnlyForDeploymentPostprocessing = 0;
		};
/* End PBXSourcesBuildPhase section */

/* Begin PBXTargetDependency section */
		BD46659D289816D400C8A9F3 /* PBXTargetDependency */ = {
			isa = PBXTargetDependency;
			target = BD466581289816D100C8A9F3 /* github */;
			targetProxy = BD46659C289816D400C8A9F3 /* PBXContainerItemProxy */;
		};
		BD4665A7289816D400C8A9F3 /* PBXTargetDependency */ = {
			isa = PBXTargetDependency;
			target = BD466581289816D100C8A9F3 /* github */;
			targetProxy = BD4665A6289816D400C8A9F3 /* PBXContainerItemProxy */;
		};
/* End PBXTargetDependency section */

/* Begin PBXVariantGroup section */
		BD46658B289816D100C8A9F3 /* Main.storyboard */ = {
			isa = PBXVariantGroup;
			children = (
				BD46658C289816D100C8A9F3 /* Base */,
			);
			name = Main.storyboard;
			sourceTree = "<group>";
		};
		BD466593289816D400C8A9F3 /* LaunchScreen.storyboard */ = {
			isa = PBXVariantGroup;
			children = (
				BD466594289816D400C8A9F3 /* Base */,
			);
			name = LaunchScreen.storyboard;
			sourceTree = "<group>";
		};
/* End PBXVariantGroup section */

/* Begin XCBuildConfiguration section */
		BD4665AD289816D400C8A9F3 /* Debug */ = {
			isa = XCBuildConfiguration;
			buildSettings = {
				ALWAYS_SEARCH_USER_PATHS = NO;
				CLANG_ANALYZER_NONNULL = YES;
				CLANG_ANALYZER_NUMBER_OBJECT_CONVERSION = YES_AGGRESSIVE;
				CLANG_CXX_LANGUAGE_STANDARD = "gnu++17";
				CLANG_ENABLE_MODULES = YES;
				CLANG_ENABLE_OBJC_ARC = YES;
				CLANG_ENABLE_OBJC_WEAK = YES;
				CLANG_WARN_BLOCK_CAPTURE_AUTORELEASING = YES;
				CLANG_WARN_BOOL_CONVERSION = YES;
				CLANG_WARN_COMMA = YES;
				CLANG_WARN_CONSTANT_CONVERSION = YES;
				CLANG_WARN_DEPRECATED_OBJC_IMPLEMENTATIONS = YES;
				CLANG_WARN_DIRECT_OBJC_ISA_USAGE = YES_ERROR;
				CLANG_WARN_DOCUMENTATION_COMMENTS = YES;
				CLANG_WARN_EMPTY_BODY = YES;
				CLANG_WARN_ENUM_CONVERSION = YES;
				CLANG_WARN_INFINITE_RECURSION = YES;
				CLANG_WARN_INT_CONVERSION = YES;
				CLANG_WARN_NON_LITERAL_NULL_CONVERSION = YES;
				CLANG_WARN_OBJC_IMPLICIT_RETAIN_SELF = YES;
				CLANG_WARN_OBJC_LITERAL_CONVERSION = YES;
				CLANG_WARN_OBJC_ROOT_CLASS = YES_ERROR;
				CLANG_WARN_QUOTED_INCLUDE_IN_FRAMEWORK_HEADER = YES;
				CLANG_WARN_RANGE_LOOP_ANALYSIS = YES;
				CLANG_WARN_STRICT_PROTOTYPES = YES;
				CLANG_WARN_SUSPICIOUS_MOVE = YES;
				CLANG_WARN_UNGUARDED_AVAILABILITY = YES_AGGRESSIVE;
				CLANG_WARN_UNREACHABLE_CODE = YES;
				CLANG_WARN__DUPLICATE_METHOD_MATCH = YES;
				COPY_PHASE_STRIP = NO;
				DEBUG_INFORMATION_FORMAT = dwarf;
				ENABLE_STRICT_OBJC_MSGSEND = YES;
				ENABLE_TESTABILITY = YES;
				GCC_C_LANGUAGE_STANDARD = gnu11;
				GCC_DYNAMIC_NO_PIC = NO;
				GCC_NO_COMMON_BLOCKS = YES;
				GCC_OPTIMIZATION_LEVEL = 0;
				GCC_PREPROCESSOR_DEFINITIONS = (
					"DEBUG=1",
					"$(inherited)",
				);
				GCC_WARN_64_TO_32_BIT_CONVERSION = YES;
				GCC_WARN_ABOUT_RETURN_TYPE = YES_ERROR;
				GCC_WARN_UNDECLARED_SELECTOR = YES;
				GCC_WARN_UNINITIALIZED_AUTOS = YES_AGGRESSIVE;
				GCC_WARN_UNUSED_FUNCTION = YES;
				GCC_WARN_UNUSED_VARIABLE = YES;
				IPHONEOS_DEPLOYMENT_TARGET = 15.5;
				MTL_ENABLE_DEBUG_INFO = INCLUDE_SOURCE;
				MTL_FAST_MATH = YES;
				ONLY_ACTIVE_ARCH = YES;
				SDKROOT = iphoneos;
				SWIFT_ACTIVE_COMPILATION_CONDITIONS = DEBUG;
				SWIFT_OPTIMIZATION_LEVEL = "-Onone";
			};
			name = Debug;
		};
		BD4665AE289816D400C8A9F3 /* Release */ = {
			isa = XCBuildConfiguration;
			buildSettings = {
				ALWAYS_SEARCH_USER_PATHS = NO;
				CLANG_ANALYZER_NONNULL = YES;
				CLANG_ANALYZER_NUMBER_OBJECT_CONVERSION = YES_AGGRESSIVE;
				CLANG_CXX_LANGUAGE_STANDARD = "gnu++17";
				CLANG_ENABLE_MODULES = YES;
				CLANG_ENABLE_OBJC_ARC = YES;
				CLANG_ENABLE_OBJC_WEAK = YES;
				CLANG_WARN_BLOCK_CAPTURE_AUTORELEASING = YES;
				CLANG_WARN_BOOL_CONVERSION = YES;
				CLANG_WARN_COMMA = YES;
				CLANG_WARN_CONSTANT_CONVERSION = YES;
				CLANG_WARN_DEPRECATED_OBJC_IMPLEMENTATIONS = YES;
				CLANG_WARN_DIRECT_OBJC_ISA_USAGE = YES_ERROR;
				CLANG_WARN_DOCUMENTATION_COMMENTS = YES;
				CLANG_WARN_EMPTY_BODY = YES;
				CLANG_WARN_ENUM_CONVERSION = YES;
				CLANG_WARN_INFINITE_RECURSION = YES;
				CLANG_WARN_INT_CONVERSION = YES;
				CLANG_WARN_NON_LITERAL_NULL_CONVERSION = YES;
				CLANG_WARN_OBJC_IMPLICIT_RETAIN_SELF = YES;
				CLANG_WARN_OBJC_LITERAL_CONVERSION = YES;
				CLANG_WARN_OBJC_ROOT_CLASS = YES_ERROR;
				CLANG_WARN_QUOTED_INCLUDE_IN_FRAMEWORK_HEADER = YES;
				CLANG_WARN_RANGE_LOOP_ANALYSIS = YES;
				CLANG_WARN_STRICT_PROTOTYPES = YES;
				CLANG_WARN_SUSPICIOUS_MOVE = YES;
				CLANG_WARN_UNGUARDED_AVAILABILITY = YES_AGGRESSIVE;
				CLANG_WARN_UNREACHABLE_CODE = YES;
				CLANG_WARN__DUPLICATE_METHOD_MATCH = YES;
				COPY_PHASE_STRIP = NO;
				DEBUG_INFORMATION_FORMAT = "dwarf-with-dsym";
				ENABLE_NS_ASSERTIONS = NO;
				ENABLE_STRICT_OBJC_MSGSEND = YES;
				GCC_C_LANGUAGE_STANDARD = gnu11;
				GCC_NO_COMMON_BLOCKS = YES;
				GCC_WARN_64_TO_32_BIT_CONVERSION = YES;
				GCC_WARN_ABOUT_RETURN_TYPE = YES_ERROR;
				GCC_WARN_UNDECLARED_SELECTOR = YES;
				GCC_WARN_UNINITIALIZED_AUTOS = YES_AGGRESSIVE;
				GCC_WARN_UNUSED_FUNCTION = YES;
				GCC_WARN_UNUSED_VARIABLE = YES;
				IPHONEOS_DEPLOYMENT_TARGET = 15.5;
				MTL_ENABLE_DEBUG_INFO = NO;
				MTL_FAST_MATH = YES;
				SDKROOT = iphoneos;
				SWIFT_COMPILATION_MODE = wholemodule;
				SWIFT_OPTIMIZATION_LEVEL = "-O";
				VALIDATE_PRODUCT = YES;
			};
			name = Release;
		};
		BD4665B0289816D400C8A9F3 /* Debug */ = {
			isa = XCBuildConfiguration;
			buildSettings = {
				ASSETCATALOG_COMPILER_APPICON_NAME = AppIcon;
				ASSETCATALOG_COMPILER_GLOBAL_ACCENT_COLOR_NAME = AccentColor;
				CODE_SIGN_STYLE = Automatic;
				CURRENT_PROJECT_VERSION = 1;
				GENERATE_INFOPLIST_FILE = YES;
				INFOPLIST_FILE = github/Info.plist;
				INFOPLIST_KEY_UIApplicationSupportsIndirectInputEvents = YES;
				INFOPLIST_KEY_UILaunchStoryboardName = LaunchScreen;
				INFOPLIST_KEY_UIMainStoryboardFile = Main;
				INFOPLIST_KEY_UISupportedInterfaceOrientations_iPad = "UIInterfaceOrientationPortrait UIInterfaceOrientationPortraitUpsideDown UIInterfaceOrientationLandscapeLeft UIInterfaceOrientationLandscapeRight";
				INFOPLIST_KEY_UISupportedInterfaceOrientations_iPhone = "UIInterfaceOrientationPortrait UIInterfaceOrientationLandscapeLeft UIInterfaceOrientationLandscapeRight";
				LD_RUNPATH_SEARCH_PATHS = (
					"$(inherited)",
					"@executable_path/Frameworks",
				);
				MARKETING_VERSION = 1.0;
				PRODUCT_BUNDLE_IDENTIFIER = kwk.github;
				PRODUCT_NAME = "$(TARGET_NAME)";
				SWIFT_EMIT_LOC_STRINGS = YES;
				SWIFT_VERSION = 5.0;
				TARGETED_DEVICE_FAMILY = "1,2";
			};
			name = Debug;
		};
		BD4665B1289816D400C8A9F3 /* Release */ = {
			isa = XCBuildConfiguration;
			buildSettings = {
				ASSETCATALOG_COMPILER_APPICON_NAME = AppIcon;
				ASSETCATALOG_COMPILER_GLOBAL_ACCENT_COLOR_NAME = AccentColor;
				CODE_SIGN_STYLE = Automatic;
				CURRENT_PROJECT_VERSION = 1;
				GENERATE_INFOPLIST_FILE = YES;
				INFOPLIST_FILE = github/Info.plist;
				INFOPLIST_KEY_UIApplicationSupportsIndirectInputEvents = YES;
				INFOPLIST_KEY_UILaunchStoryboardName = LaunchScreen;
				INFOPLIST_KEY_UIMainStoryboardFile = Main;
				INFOPLIST_KEY_UISupportedInterfaceOrientations_iPad = "UIInterfaceOrientationPortrait UIInterfaceOrientationPortraitUpsideDown UIInterfaceOrientationLandscapeLeft UIInterfaceOrientationLandscapeRight";
				INFOPLIST_KEY_UISupportedInterfaceOrientations_iPhone = "UIInterfaceOrientationPortrait UIInterfaceOrientationLandscapeLeft UIInterfaceOrientationLandscapeRight";
				LD_RUNPATH_SEARCH_PATHS = (
					"$(inherited)",
					"@executable_path/Frameworks",
				);
				MARKETING_VERSION = 1.0;
				PRODUCT_BUNDLE_IDENTIFIER = kwk.github;
				PRODUCT_NAME = "$(TARGET_NAME)";
				SWIFT_EMIT_LOC_STRINGS = YES;
				SWIFT_VERSION = 5.0;
				TARGETED_DEVICE_FAMILY = "1,2";
			};
			name = Release;
		};
		BD4665B3289816D400C8A9F3 /* Debug */ = {
			isa = XCBuildConfiguration;
			buildSettings = {
				ALWAYS_EMBED_SWIFT_STANDARD_LIBRARIES = YES;
				BUNDLE_LOADER = "$(TEST_HOST)";
				CODE_SIGN_STYLE = Automatic;
				CURRENT_PROJECT_VERSION = 1;
				GENERATE_INFOPLIST_FILE = YES;
				IPHONEOS_DEPLOYMENT_TARGET = 15.5;
				MARKETING_VERSION = 1.0;
				PRODUCT_BUNDLE_IDENTIFIER = kwk.githubTests;
				PRODUCT_NAME = "$(TARGET_NAME)";
				SWIFT_EMIT_LOC_STRINGS = NO;
				SWIFT_VERSION = 5.0;
				TARGETED_DEVICE_FAMILY = "1,2";
				TEST_HOST = "$(BUILT_PRODUCTS_DIR)/github.app/github";
			};
			name = Debug;
		};
		BD4665B4289816D400C8A9F3 /* Release */ = {
			isa = XCBuildConfiguration;
			buildSettings = {
				ALWAYS_EMBED_SWIFT_STANDARD_LIBRARIES = YES;
				BUNDLE_LOADER = "$(TEST_HOST)";
				CODE_SIGN_STYLE = Automatic;
				CURRENT_PROJECT_VERSION = 1;
				GENERATE_INFOPLIST_FILE = YES;
				IPHONEOS_DEPLOYMENT_TARGET = 15.5;
				MARKETING_VERSION = 1.0;
				PRODUCT_BUNDLE_IDENTIFIER = kwk.githubTests;
				PRODUCT_NAME = "$(TARGET_NAME)";
				SWIFT_EMIT_LOC_STRINGS = NO;
				SWIFT_VERSION = 5.0;
				TARGETED_DEVICE_FAMILY = "1,2";
				TEST_HOST = "$(BUILT_PRODUCTS_DIR)/github.app/github";
			};
			name = Release;
		};
		BD4665B6289816D400C8A9F3 /* Debug */ = {
			isa = XCBuildConfiguration;
			buildSettings = {
				ALWAYS_EMBED_SWIFT_STANDARD_LIBRARIES = YES;
				CODE_SIGN_STYLE = Automatic;
				CURRENT_PROJECT_VERSION = 1;
				GENERATE_INFOPLIST_FILE = YES;
				MARKETING_VERSION = 1.0;
				PRODUCT_BUNDLE_IDENTIFIER = kwk.githubUITests;
				PRODUCT_NAME = "$(TARGET_NAME)";
				SWIFT_EMIT_LOC_STRINGS = NO;
				SWIFT_VERSION = 5.0;
				TARGETED_DEVICE_FAMILY = "1,2";
				TEST_TARGET_NAME = github;
			};
			name = Debug;
		};
		BD4665B7289816D400C8A9F3 /* Release */ = {
			isa = XCBuildConfiguration;
			buildSettings = {
				ALWAYS_EMBED_SWIFT_STANDARD_LIBRARIES = YES;
				CODE_SIGN_STYLE = Automatic;
				CURRENT_PROJECT_VERSION = 1;
				GENERATE_INFOPLIST_FILE = YES;
				MARKETING_VERSION = 1.0;
				PRODUCT_BUNDLE_IDENTIFIER = kwk.githubUITests;
				PRODUCT_NAME = "$(TARGET_NAME)";
				SWIFT_EMIT_LOC_STRINGS = NO;
				SWIFT_VERSION = 5.0;
				TARGETED_DEVICE_FAMILY = "1,2";
				TEST_TARGET_NAME = github;
			};
			name = Release;
		};
/* End XCBuildConfiguration section */

/* Begin XCConfigurationList section */
		BD46657D289816D100C8A9F3 /* Build configuration list for PBXProject "github" */ = {
			isa = XCConfigurationList;
			buildConfigurations = (
				BD4665AD289816D400C8A9F3 /* Debug */,
				BD4665AE289816D400C8A9F3 /* Release */,
			);
			defaultConfigurationIsVisible = 0;
			defaultConfigurationName = Release;
		};
		BD4665AF289816D400C8A9F3 /* Build configuration list for PBXNativeTarget "github" */ = {
			isa = XCConfigurationList;
			buildConfigurations = (
				BD4665B0289816D400C8A9F3 /* Debug */,
				BD4665B1289816D400C8A9F3 /* Release */,
			);
			defaultConfigurationIsVisible = 0;
			defaultConfigurationName = Release;
		};
		BD4665B2289816D400C8A9F3 /* Build configuration list for PBXNativeTarget "githubTests" */ = {
			isa = XCConfigurationList;
			buildConfigurations = (
				BD4665B3289816D400C8A9F3 /* Debug */,
				BD4665B4289816D400C8A9F3 /* Release */,
			);
			defaultConfigurationIsVisible = 0;
			defaultConfigurationName = Release;
		};
		BD4665B5289816D400C8A9F3 /* Build configuration list for PBXNativeTarget "githubUITests" */ = {
			isa = XCConfigurationList;
			buildConfigurations = (
				BD4665B6289816D400C8A9F3 /* Debug */,
				BD4665B7289816D400C8A9F3 /* Release */,
			);
			defaultConfigurationIsVisible = 0;
			defaultConfigurationName = Release;
		};
/* End XCConfigurationList section */

/* Begin XCVersionGroup section */
		BD46658E289816D100C8A9F3 /* github.xcdatamodeld */ = {
			isa = XCVersionGroup;
			children = (
				BD46658F289816D100C8A9F3 /* github.xcdatamodel */,
			);
			currentVersion = BD46658F289816D100C8A9F3 /* github.xcdatamodel */;
			path = github.xcdatamodeld;
			sourceTree = "<group>";
			versionGroupType = wrapper.xcdatamodel;
		};
/* End XCVersionGroup section */
	};
	rootObject = BD46657A289816D100C8A9F3 /* Project object */;
}
